
Microsoft Visual Studio Solution File, Format Version 12.00
# Visual Studio Version 16
VisualStudioVersion = 16.0.31205.134
MinimumVisualStudioVersion = 10.0.40219.1
Project("{FAE04EC0-301F-11D3-BF4B-00C04F79EFBC}") = "SpeedPort-Airlines", "SpeedPort-Airlines\SpeedPort-Airlines.csproj", "{935ADCAC-9F61-432F-BA42-991064B35E7B}"
EndProject
Global
	GlobalSection(SolutionConfigurationPlatforms) = preSolution
		Debug|Any CPU = Debug|Any CPU
		Release|Any CPU = Release|Any CPU
	EndGlobalSection
	GlobalSection(ProjectConfigurationPlatforms) = postSolution
		{935ADCAC-9F61-432F-BA42-991064B35E7B}.Debug|Any CPU.ActiveCfg = Debug|Any CPU
		{935ADCAC-9F61-432F-BA42-991064B35E7B}.Debug|Any CPU.Build.0 = Debug|Any CPU
		{935ADCAC-9F61-432F-BA42-991064B35E7B}.Release|Any CPU.ActiveCfg = Release|Any CPU
		{935ADCAC-9F61-432F-BA42-991064B35E7B}.Release|Any CPU.Build.0 = Release|Any CPU
	EndGlobalSection
	GlobalSection(SolutionProperties) = preSolution
		HideSolutionNode = FALSE
	EndGlobalSection
	GlobalSection(ExtensibilityGlobals) = postSolution
		SolutionGuid = {150257BE-D346-413B-8890-BCAC8F31D51A}
	EndGlobalSection
EndGlobal
